
Microsoft Visual Studio Solution File, Format Version 12.00
# Visual Studio Version 16
VisualStudioVersion = 16.0.30309.148
MinimumVisualStudioVersion = 10.0.40219.1
Project("{FAE04EC0-301F-11D3-BF4B-00C04F79EFBC}") = "Poker", "Poker\Poker.csproj", "{7F5B1F65-61D6-49E6-B4B8-ADE5BCE54EAC}"
EndProject
Project("{2150E333-8FDC-42A3-9474-1A3956D46DE8}") = "Tests", "Tests", "{1F320715-B259-4F93-A379-86C4CD2BC098}"
EndProject
Project("{FAE04EC0-301F-11D3-BF4B-00C04F79EFBC}") = "Poker.Unit.Tests", "Poker.Unit.Tests\Poker.Unit.Tests.csproj", "{056E2F56-E067-486D-9D09-69436A91124D}"
EndProject
Global
	GlobalSection(SolutionConfigurationPlatforms) = preSolution
		Debug|Any CPU = Debug|Any CPU
		Release|Any CPU = Release|Any CPU
	EndGlobalSection
	GlobalSection(ProjectConfigurationPlatforms) = postSolution
		{7F5B1F65-61D6-49E6-B4B8-ADE5BCE54EAC}.Debug|Any CPU.ActiveCfg = Debug|Any CPU
		{7F5B1F65-61D6-49E6-B4B8-ADE5BCE54EAC}.Debug|Any CPU.Build.0 = Debug|Any CPU
		{7F5B1F65-61D6-49E6-B4B8-ADE5BCE54EAC}.Release|Any CPU.ActiveCfg = Release|Any CPU
		{7F5B1F65-61D6-49E6-B4B8-ADE5BCE54EAC}.Release|Any CPU.Build.0 = Release|Any CPU
		{056E2F56-E067-486D-9D09-69436A91124D}.Debug|Any CPU.ActiveCfg = Debug|Any CPU
		{056E2F56-E067-486D-9D09-69436A91124D}.Debug|Any CPU.Build.0 = Debug|Any CPU
		{056E2F56-E067-486D-9D09-69436A91124D}.Release|Any CPU.ActiveCfg = Release|Any CPU
		{056E2F56-E067-486D-9D09-69436A91124D}.Release|Any CPU.Build.0 = Release|Any CPU
	EndGlobalSection
	GlobalSection(SolutionProperties) = preSolution
		HideSolutionNode = FALSE
	EndGlobalSection
	GlobalSection(NestedProjects) = preSolution
		{056E2F56-E067-486D-9D09-69436A91124D} = {1F320715-B259-4F93-A379-86C4CD2BC098}
	EndGlobalSection
	GlobalSection(ExtensibilityGlobals) = postSolution
		SolutionGuid = {D88D32E8-73AF-4E25-8493-801B1EDAAFC8}
	EndGlobalSection
EndGlobal
